
Microsoft Visual Studio Solution File, Format Version 12.00
# Visual Studio Version 17
VisualStudioVersion = 17.1.32407.343
MinimumVisualStudioVersion = 10.0.40219.1
Project("{9A19103F-16F7-4668-BE54-9A1E7A4F7556}") = "Berger.Extensions.Pagination", "Berger.Extensions.Pagination\Berger.Extensions.Pagination.csproj", "{D36B37CB-BC24-4C7A-ABDE-70FCF1D2BEC1}"
EndProject
Project("{FAE04EC0-301F-11D3-BF4B-00C04F79EFBC}") = "Berger.Extensions.Pagination.Tests", "Berger.Extensions.Pagination.Tests\Berger.Extensions.Pagination.Tests.csproj", "{5324AA3E-56FB-4AFC-B1DB-E4F9F55E0421}"
EndProject
Global
	GlobalSection(SolutionConfigurationPlatforms) = preSolution
		Debug|Any CPU = Debug|Any CPU
		Release|Any CPU = Release|Any CPU
	EndGlobalSection
	GlobalSection(ProjectConfigurationPlatforms) = postSolution
		{D36B37CB-BC24-4C7A-ABDE-70FCF1D2BEC1}.Debug|Any CPU.ActiveCfg = Debug|Any CPU
		{D36B37CB-BC24-4C7A-ABDE-70FCF1D2BEC1}.Debug|Any CPU.Build.0 = Debug|Any CPU
		{D36B37CB-BC24-4C7A-ABDE-70FCF1D2BEC1}.Release|Any CPU.ActiveCfg = Release|Any CPU
		{D36B37CB-BC24-4C7A-ABDE-70FCF1D2BEC1}.Release|Any CPU.Build.0 = Release|Any CPU
		{5324AA3E-56FB-4AFC-B1DB-E4F9F55E0421}.Debug|Any CPU.ActiveCfg = Debug|Any CPU
		{5324AA3E-56FB-4AFC-B1DB-E4F9F55E0421}.Debug|Any CPU.Build.0 = Debug|Any CPU
		{5324AA3E-56FB-4AFC-B1DB-E4F9F55E0421}.Release|Any CPU.ActiveCfg = Release|Any CPU
		{5324AA3E-56FB-4AFC-B1DB-E4F9F55E0421}.Release|Any CPU.Build.0 = Release|Any CPU
	EndGlobalSection
	GlobalSection(SolutionProperties) = preSolution
		HideSolutionNode = FALSE
	EndGlobalSection
	GlobalSection(ExtensibilityGlobals) = postSolution
		SolutionGuid = {4B93B1C0-6749-403B-A35D-094F2B8EBABF}
	EndGlobalSection
EndGlobal
