
Microsoft Visual Studio Solution File, Format Version 12.00
# Visual Studio Version 17
VisualStudioVersion = 17.0.32014.148
MinimumVisualStudioVersion = 10.0.40219.1
Project("{2e4319e0-596d-4637-bd92-c9f0c96015af}") = "Berger.Extensions.Pagination", "Berger.Extensions.Pagination\Berger.Extensions.Pagination.csproj", "{0e8c5f9f-aa3e-412f-be99-65456735200d}"
EndProject
Global
	GlobalSection(SolutionConfigurationPlatforms) = preSolution
		Debug|Any CPU = Debug|Any CPU
		Release|Any CPU = Release|Any CPU
	EndGlobalSection
	GlobalSection(ProjectConfigurationPlatforms) = postSolution
		{0e8c5f9f-aa3e-412f-be99-65456735200d}.Debug|Any CPU.ActiveCfg = Debug|Any CPU
		{0e8c5f9f-aa3e-412f-be99-65456735200d}.Debug|Any CPU.Build.0 = Debug|Any CPU
		{0e8c5f9f-aa3e-412f-be99-65456735200d}.Release|Any CPU.ActiveCfg = Release|Any CPU
		{0e8c5f9f-aa3e-412f-be99-65456735200d}.Release|Any CPU.Build.0 = Release|Any CPU
	EndGlobalSection
	GlobalSection(SolutionProperties) = preSolution
		HideSolutionNode = FALSE
	EndGlobalSection
	GlobalSection(ExtensibilityGlobals) = postSolution
		SolutionGuid = {4961BE93-F316-4B63-8144-768113F9C617}
	EndGlobalSection
EndGlobal